// !$*UTF8*$!
{
	archiveVersion = 1;
	classes = {
	};
	objectVersion = 56;
	objects = {

/* Begin PBXBuildFile section */
		5A5D38B02BFD4CEC00DDA162 /* Calculadora_EstreladaApp.swift in Sources */ = {isa = PBXBuildFile; fileRef = 5A5D38AF2BFD4CEC00DDA162 /* Calculadora_EstreladaApp.swift */; };
		5A5D38B22BFD4CEC00DDA162 /* ContentView.swift in Sources */ = {isa = PBXBuildFile; fileRef = 5A5D38B12BFD4CEC00DDA162 /* ContentView.swift */; };
		5A5D38B42BFD4CED00DDA162 /* Assets.xcassets in Resources */ = {isa = PBXBuildFile; fileRef = 5A5D38B32BFD4CED00DDA162 /* Assets.xcassets */; };
		5A5D38B72BFD4CED00DDA162 /* Preview Assets.xcassets in Resources */ = {isa = PBXBuildFile; fileRef = 5A5D38B62BFD4CED00DDA162 /* Preview Assets.xcassets */; };
		5A5D38BE2BFD4E7400DDA162 /* BackgroundAnimation.swift in Sources */ = {isa = PBXBuildFile; fileRef = 5A5D38BD2BFD4E7400DDA162 /* BackgroundAnimation.swift */; };
		5A5D38C02BFD4F3E00DDA162 /* TitleView.swift in Sources */ = {isa = PBXBuildFile; fileRef = 5A5D38BF2BFD4F3E00DDA162 /* TitleView.swift */; };
		5A5D38C32BFD4F7A00DDA162 /* Localizable.strings in Resources */ = {isa = PBXBuildFile; fileRef = 5A5D38C12BFD4F7A00DDA162 /* Localizable.strings */; };
		5A5D38C52BFD4FB300DDA162 /* StoredCities.swift in Sources */ = {isa = PBXBuildFile; fileRef = 5A5D38C42BFD4FB300DDA162 /* StoredCities.swift */; };
		5A5D38CB2BFD50BC00DDA162 /* Goldman-Regular.ttf in Resources */ = {isa = PBXBuildFile; fileRef = 5A5D38C82BFD50BC00DDA162 /* Goldman-Regular.ttf */; };
		5A5D38CC2BFD50BC00DDA162 /* Minecraft.ttf in Resources */ = {isa = PBXBuildFile; fileRef = 5A5D38C92BFD50BC00DDA162 /* Minecraft.ttf */; };
		5A5D38CD2BFD50BC00DDA162 /* Goldman-Bold.ttf in Resources */ = {isa = PBXBuildFile; fileRef = 5A5D38CA2BFD50BC00DDA162 /* Goldman-Bold.ttf */; };
		5A5D38CF2BFD5BD500DDA162 /* ProgressViewStyle.swift in Sources */ = {isa = PBXBuildFile; fileRef = 5A5D38CE2BFD5BD500DDA162 /* ProgressViewStyle.swift */; };
		5A5D38D52BFFC28100DDA162 /* KeyboardViews.swift in Sources */ = {isa = PBXBuildFile; fileRef = 5A5D38D42BFFC28100DDA162 /* KeyboardViews.swift */; };
		5A5D38D72BFFC2A800DDA162 /* KeyboardButton.swift in Sources */ = {isa = PBXBuildFile; fileRef = 5A5D38D62BFFC2A800DDA162 /* KeyboardButton.swift */; };
/* End PBXBuildFile section */

/* Begin PBXFileReference section */
		5A5D38AC2BFD4CEC00DDA162 /* Calculadora Estrelada.app */ = {isa = PBXFileReference; explicitFileType = wrapper.application; includeInIndex = 0; path = "Calculadora Estrelada.app"; sourceTree = BUILT_PRODUCTS_DIR; };
		5A5D38AF2BFD4CEC00DDA162 /* Calculadora_EstreladaApp.swift */ = {isa = PBXFileReference; lastKnownFileType = sourcecode.swift; path = Calculadora_EstreladaApp.swift; sourceTree = "<group>"; };
		5A5D38B12BFD4CEC00DDA162 /* ContentView.swift */ = {isa = PBXFileReference; lastKnownFileType = sourcecode.swift; path = ContentView.swift; sourceTree = "<group>"; };
		5A5D38B32BFD4CED00DDA162 /* Assets.xcassets */ = {isa = PBXFileReference; lastKnownFileType = folder.assetcatalog; path = Assets.xcassets; sourceTree = "<group>"; };
		5A5D38B62BFD4CED00DDA162 /* Preview Assets.xcassets */ = {isa = PBXFileReference; lastKnownFileType = folder.assetcatalog; path = "Preview Assets.xcassets"; sourceTree = "<group>"; };
		5A5D38BD2BFD4E7400DDA162 /* BackgroundAnimation.swift */ = {isa = PBXFileReference; lastKnownFileType = sourcecode.swift; path = BackgroundAnimation.swift; sourceTree = "<group>"; };
		5A5D38BF2BFD4F3E00DDA162 /* TitleView.swift */ = {isa = PBXFileReference; lastKnownFileType = sourcecode.swift; path = TitleView.swift; sourceTree = "<group>"; };
		5A5D38C22BFD4F7A00DDA162 /* en */ = {isa = PBXFileReference; lastKnownFileType = text.plist.strings; name = en; path = en.lproj/Localizable.strings; sourceTree = "<group>"; };
		5A5D38C42BFD4FB300DDA162 /* StoredCities.swift */ = {isa = PBXFileReference; lastKnownFileType = sourcecode.swift; path = StoredCities.swift; sourceTree = "<group>"; };
		5A5D38C62BFD500800DDA162 /* Calculadora-Estrelada-Info.plist */ = {isa = PBXFileReference; lastKnownFileType = text.plist; path = "Calculadora-Estrelada-Info.plist"; sourceTree = SOURCE_ROOT; };
		5A5D38C82BFD50BC00DDA162 /* Goldman-Regular.ttf */ = {isa = PBXFileReference; lastKnownFileType = file; path = "Goldman-Regular.ttf"; sourceTree = "<group>"; };
		5A5D38C92BFD50BC00DDA162 /* Minecraft.ttf */ = {isa = PBXFileReference; lastKnownFileType = file; path = Minecraft.ttf; sourceTree = "<group>"; };
		5A5D38CA2BFD50BC00DDA162 /* Goldman-Bold.ttf */ = {isa = PBXFileReference; lastKnownFileType = file; path = "Goldman-Bold.ttf"; sourceTree = "<group>"; };
		5A5D38CE2BFD5BD500DDA162 /* ProgressViewStyle.swift */ = {isa = PBXFileReference; lastKnownFileType = sourcecode.swift; path = ProgressViewStyle.swift; sourceTree = "<group>"; };
		5A5D38D42BFFC28100DDA162 /* KeyboardViews.swift */ = {isa = PBXFileReference; lastKnownFileType = sourcecode.swift; path = KeyboardViews.swift; sourceTree = "<group>"; };
		5A5D38D62BFFC2A800DDA162 /* KeyboardButton.swift */ = {isa = PBXFileReference; lastKnownFileType = sourcecode.swift; path = KeyboardButton.swift; sourceTree = "<group>"; };
/* End PBXFileReference section */

/* Begin PBXFrameworksBuildPhase section */
		5A5D38A92BFD4CEC00DDA162 /* Frameworks */ = {
			isa = PBXFrameworksBuildPhase;
			buildActionMask = 2147483647;
			files = (
			);
			runOnlyForDeploymentPostprocessing = 0;
		};
/* End PBXFrameworksBuildPhase section */

/* Begin PBXGroup section */
		5A5D38A32BFD4CEC00DDA162 = {
			isa = PBXGroup;
			children = (
				5A5D38AE2BFD4CEC00DDA162 /* Calculadora Estrelada */,
				5A5D38AD2BFD4CEC00DDA162 /* Products */,
			);
			sourceTree = "<group>";
		};
		5A5D38AD2BFD4CEC00DDA162 /* Products */ = {
			isa = PBXGroup;
			children = (
				5A5D38AC2BFD4CEC00DDA162 /* Calculadora Estrelada.app */,
			);
			name = Products;
			sourceTree = "<group>";
		};
		5A5D38AE2BFD4CEC00DDA162 /* Calculadora Estrelada */ = {
			isa = PBXGroup;
			children = (
				5A5D38C72BFD507100DDA162 /* Fonts */,
				5A5D38AF2BFD4CEC00DDA162 /* Calculadora_EstreladaApp.swift */,
				5A5D38B12BFD4CEC00DDA162 /* ContentView.swift */,
				5A5D38BD2BFD4E7400DDA162 /* BackgroundAnimation.swift */,
				5A5D38BF2BFD4F3E00DDA162 /* TitleView.swift */,
				5A5D38C42BFD4FB300DDA162 /* StoredCities.swift */,
				5A5D38CE2BFD5BD500DDA162 /* ProgressViewStyle.swift */,
				5A5D38D22BFFC25D00DDA162 /* Keyboard */,
				5A5D38C12BFD4F7A00DDA162 /* Localizable.strings */,
				5A5D38B32BFD4CED00DDA162 /* Assets.xcassets */,
				5A5D38C62BFD500800DDA162 /* Calculadora-Estrelada-Info.plist */,
				5A5D38B52BFD4CED00DDA162 /* Preview Content */,
			);
			path = "Calculadora Estrelada";
			sourceTree = "<group>";
		};
		5A5D38B52BFD4CED00DDA162 /* Preview Content */ = {
			isa = PBXGroup;
			children = (
				5A5D38B62BFD4CED00DDA162 /* Preview Assets.xcassets */,
			);
			path = "Preview Content";
			sourceTree = "<group>";
		};
		5A5D38C72BFD507100DDA162 /* Fonts */ = {
			isa = PBXGroup;
			children = (
				5A5D38CA2BFD50BC00DDA162 /* Goldman-Bold.ttf */,
				5A5D38C82BFD50BC00DDA162 /* Goldman-Regular.ttf */,
				5A5D38C92BFD50BC00DDA162 /* Minecraft.ttf */,
			);
			path = Fonts;
			sourceTree = "<group>";
		};
		5A5D38D22BFFC25D00DDA162 /* Keyboard */ = {
			isa = PBXGroup;
			children = (
				5A5D38D42BFFC28100DDA162 /* KeyboardViews.swift */,
				5A5D38D32BFFC27000DDA162 /* KeyboardButtons */,
			);
			path = Keyboard;
			sourceTree = "<group>";
		};
		5A5D38D32BFFC27000DDA162 /* KeyboardButtons */ = {
			isa = PBXGroup;
			children = (
				5A5D38D62BFFC2A800DDA162 /* KeyboardButton.swift */,
			);
			path = KeyboardButtons;
			sourceTree = "<group>";
		};
/* End PBXGroup section */

/* Begin PBXNativeTarget section */
		5A5D38AB2BFD4CEC00DDA162 /* Calculadora Estrelada */ = {
			isa = PBXNativeTarget;
			buildConfigurationList = 5A5D38BA2BFD4CED00DDA162 /* Build configuration list for PBXNativeTarget "Calculadora Estrelada" */;
			buildPhases = (
				5A5D38A82BFD4CEC00DDA162 /* Sources */,
				5A5D38A92BFD4CEC00DDA162 /* Frameworks */,
				5A5D38AA2BFD4CEC00DDA162 /* Resources */,
			);
			buildRules = (
			);
			dependencies = (
			);
			name = "Calculadora Estrelada";
			productName = "Calculadora Estrelada";
			productReference = 5A5D38AC2BFD4CEC00DDA162 /* Calculadora Estrelada.app */;
			productType = "com.apple.product-type.application";
		};
/* End PBXNativeTarget section */

/* Begin PBXProject section */
		5A5D38A42BFD4CEC00DDA162 /* Project object */ = {
			isa = PBXProject;
			attributes = {
				BuildIndependentTargetsInParallel = 1;
				LastSwiftUpdateCheck = 1530;
				LastUpgradeCheck = 1530;
				TargetAttributes = {
					5A5D38AB2BFD4CEC00DDA162 = {
						CreatedOnToolsVersion = 15.3;
					};
				};
			};
			buildConfigurationList = 5A5D38A72BFD4CEC00DDA162 /* Build configuration list for PBXProject "Calculadora Estrelada" */;
			compatibilityVersion = "Xcode 14.0";
			developmentRegion = en;
			hasScannedForEncodings = 0;
			knownRegions = (
				en,
				Base,
			);
			mainGroup = 5A5D38A32BFD4CEC00DDA162;
			productRefGroup = 5A5D38AD2BFD4CEC00DDA162 /* Products */;
			projectDirPath = "";
			projectRoot = "";
			targets = (
				5A5D38AB2BFD4CEC00DDA162 /* Calculadora Estrelada */,
			);
		};
/* End PBXProject section */

/* Begin PBXResourcesBuildPhase section */
		5A5D38AA2BFD4CEC00DDA162 /* Resources */ = {
			isa = PBXResourcesBuildPhase;
			buildActionMask = 2147483647;
			files = (
				5A5D38CB2BFD50BC00DDA162 /* Goldman-Regular.ttf in Resources */,
				5A5D38B72BFD4CED00DDA162 /* Preview Assets.xcassets in Resources */,
				5A5D38CC2BFD50BC00DDA162 /* Minecraft.ttf in Resources */,
				5A5D38C32BFD4F7A00DDA162 /* Localizable.strings in Resources */,
				5A5D38CD2BFD50BC00DDA162 /* Goldman-Bold.ttf in Resources */,
				5A5D38B42BFD4CED00DDA162 /* Assets.xcassets in Resources */,
			);
			runOnlyForDeploymentPostprocessing = 0;
		};
/* End PBXResourcesBuildPhase section */

/* Begin PBXSourcesBuildPhase section */
		5A5D38A82BFD4CEC00DDA162 /* Sources */ = {
			isa = PBXSourcesBuildPhase;
			buildActionMask = 2147483647;
			files = (
				5A5D38B22BFD4CEC00DDA162 /* ContentView.swift in Sources */,
				5A5D38CF2BFD5BD500DDA162 /* ProgressViewStyle.swift in Sources */,
				5A5D38B02BFD4CEC00DDA162 /* Calculadora_EstreladaApp.swift in Sources */,
				5A5D38BE2BFD4E7400DDA162 /* BackgroundAnimation.swift in Sources */,
				5A5D38C02BFD4F3E00DDA162 /* TitleView.swift in Sources */,
				5A5D38D72BFFC2A800DDA162 /* KeyboardButton.swift in Sources */,
				5A5D38C52BFD4FB300DDA162 /* StoredCities.swift in Sources */,
				5A5D38D52BFFC28100DDA162 /* KeyboardViews.swift in Sources */,
			);
			runOnlyForDeploymentPostprocessing = 0;
		};
/* End PBXSourcesBuildPhase section */

/* Begin PBXVariantGroup section */
		5A5D38C12BFD4F7A00DDA162 /* Localizable.strings */ = {
			isa = PBXVariantGroup;
			children = (
				5A5D38C22BFD4F7A00DDA162 /* en */,
			);
			name = Localizable.strings;
			sourceTree = "<group>";
		};
/* End PBXVariantGroup section */

/* Begin XCBuildConfiguration section */
		5A5D38B82BFD4CED00DDA162 /* Debug */ = {
			isa = XCBuildConfiguration;
			buildSettings = {
				ALWAYS_SEARCH_USER_PATHS = NO;
				ASSETCATALOG_COMPILER_GENERATE_SWIFT_ASSET_SYMBOL_EXTENSIONS = YES;
				CLANG_ANALYZER_NONNULL = YES;
				CLANG_ANALYZER_NUMBER_OBJECT_CONVERSION = YES_AGGRESSIVE;
				CLANG_CXX_LANGUAGE_STANDARD = "gnu++20";
				CLANG_ENABLE_MODULES = YES;
				CLANG_ENABLE_OBJC_ARC = YES;
				CLANG_ENABLE_OBJC_WEAK = YES;
				CLANG_WARN_BLOCK_CAPTURE_AUTORELEASING = YES;
				CLANG_WARN_BOOL_CONVERSION = YES;
				CLANG_WARN_COMMA = YES;
				CLANG_WARN_CONSTANT_CONVERSION = YES;
				CLANG_WARN_DEPRECATED_OBJC_IMPLEMENTATIONS = YES;
				CLANG_WARN_DIRECT_OBJC_ISA_USAGE = YES_ERROR;
				CLANG_WARN_DOCUMENTATION_COMMENTS = YES;
				CLANG_WARN_EMPTY_BODY = YES;
				CLANG_WARN_ENUM_CONVERSION = YES;
				CLANG_WARN_INFINITE_RECURSION = YES;
				CLANG_WARN_INT_CONVERSION = YES;
				CLANG_WARN_NON_LITERAL_NULL_CONVERSION = YES;
				CLANG_WARN_OBJC_IMPLICIT_RETAIN_SELF = YES;
				CLANG_WARN_OBJC_LITERAL_CONVERSION = YES;
				CLANG_WARN_OBJC_ROOT_CLASS = YES_ERROR;
				CLANG_WARN_QUOTED_INCLUDE_IN_FRAMEWORK_HEADER = YES;
				CLANG_WARN_RANGE_LOOP_ANALYSIS = YES;
				CLANG_WARN_STRICT_PROTOTYPES = YES;
				CLANG_WARN_SUSPICIOUS_MOVE = YES;
				CLANG_WARN_UNGUARDED_AVAILABILITY = YES_AGGRESSIVE;
				CLANG_WARN_UNREACHABLE_CODE = YES;
				CLANG_WARN__DUPLICATE_METHOD_MATCH = YES;
				COPY_PHASE_STRIP = NO;
				DEBUG_INFORMATION_FORMAT = dwarf;
				ENABLE_STRICT_OBJC_MSGSEND = YES;
				ENABLE_TESTABILITY = YES;
				ENABLE_USER_SCRIPT_SANDBOXING = YES;
				GCC_C_LANGUAGE_STANDARD = gnu17;
				GCC_DYNAMIC_NO_PIC = NO;
				GCC_NO_COMMON_BLOCKS = YES;
				GCC_OPTIMIZATION_LEVEL = 0;
				GCC_PREPROCESSOR_DEFINITIONS = (
					"DEBUG=1",
					"$(inherited)",
				);
				GCC_WARN_64_TO_32_BIT_CONVERSION = YES;
				GCC_WARN_ABOUT_RETURN_TYPE = YES_ERROR;
				GCC_WARN_UNDECLARED_SELECTOR = YES;
				GCC_WARN_UNINITIALIZED_AUTOS = YES_AGGRESSIVE;
				GCC_WARN_UNUSED_FUNCTION = YES;
				GCC_WARN_UNUSED_VARIABLE = YES;
				IPHONEOS_DEPLOYMENT_TARGET = 17.4;
				LOCALIZATION_PREFERS_STRING_CATALOGS = YES;
				MTL_ENABLE_DEBUG_INFO = INCLUDE_SOURCE;
				MTL_FAST_MATH = YES;
				ONLY_ACTIVE_ARCH = YES;
				SDKROOT = iphoneos;
				SWIFT_ACTIVE_COMPILATION_CONDITIONS = "DEBUG $(inherited)";
				SWIFT_OPTIMIZATION_LEVEL = "-Onone";
			};
			name = Debug;
		};
		5A5D38B92BFD4CED00DDA162 /* Release */ = {
			isa = XCBuildConfiguration;
			buildSettings = {
				ALWAYS_SEARCH_USER_PATHS = NO;
				ASSETCATALOG_COMPILER_GENERATE_SWIFT_ASSET_SYMBOL_EXTENSIONS = YES;
				CLANG_ANALYZER_NONNULL = YES;
				CLANG_ANALYZER_NUMBER_OBJECT_CONVERSION = YES_AGGRESSIVE;
				CLANG_CXX_LANGUAGE_STANDARD = "gnu++20";
				CLANG_ENABLE_MODULES = YES;
				CLANG_ENABLE_OBJC_ARC = YES;
				CLANG_ENABLE_OBJC_WEAK = YES;
				CLANG_WARN_BLOCK_CAPTURE_AUTORELEASING = YES;
				CLANG_WARN_BOOL_CONVERSION = YES;
				CLANG_WARN_COMMA = YES;
				CLANG_WARN_CONSTANT_CONVERSION = YES;
				CLANG_WARN_DEPRECATED_OBJC_IMPLEMENTATIONS = YES;
				CLANG_WARN_DIRECT_OBJC_ISA_USAGE = YES_ERROR;
				CLANG_WARN_DOCUMENTATION_COMMENTS = YES;
				CLANG_WARN_EMPTY_BODY = YES;
				CLANG_WARN_ENUM_CONVERSION = YES;
				CLANG_WARN_INFINITE_RECURSION = YES;
				CLANG_WARN_INT_CONVERSION = YES;
				CLANG_WARN_NON_LITERAL_NULL_CONVERSION = YES;
				CLANG_WARN_OBJC_IMPLICIT_RETAIN_SELF = YES;
				CLANG_WARN_OBJC_LITERAL_CONVERSION = YES;
				CLANG_WARN_OBJC_ROOT_CLASS = YES_ERROR;
				CLANG_WARN_QUOTED_INCLUDE_IN_FRAMEWORK_HEADER = YES;
				CLANG_WARN_RANGE_LOOP_ANALYSIS = YES;
				CLANG_WARN_STRICT_PROTOTYPES = YES;
				CLANG_WARN_SUSPICIOUS_MOVE = YES;
				CLANG_WARN_UNGUARDED_AVAILABILITY = YES_AGGRESSIVE;
				CLANG_WARN_UNREACHABLE_CODE = YES;
				CLANG_WARN__DUPLICATE_METHOD_MATCH = YES;
				COPY_PHASE_STRIP = NO;
				DEBUG_INFORMATION_FORMAT = "dwarf-with-dsym";
				ENABLE_NS_ASSERTIONS = NO;
				ENABLE_STRICT_OBJC_MSGSEND = YES;
				ENABLE_USER_SCRIPT_SANDBOXING = YES;
				GCC_C_LANGUAGE_STANDARD = gnu17;
				GCC_NO_COMMON_BLOCKS = YES;
				GCC_WARN_64_TO_32_BIT_CONVERSION = YES;
				GCC_WARN_ABOUT_RETURN_TYPE = YES_ERROR;
				GCC_WARN_UNDECLARED_SELECTOR = YES;
				GCC_WARN_UNINITIALIZED_AUTOS = YES_AGGRESSIVE;
				GCC_WARN_UNUSED_FUNCTION = YES;
				GCC_WARN_UNUSED_VARIABLE = YES;
				IPHONEOS_DEPLOYMENT_TARGET = 17.4;
				LOCALIZATION_PREFERS_STRING_CATALOGS = YES;
				MTL_ENABLE_DEBUG_INFO = NO;
				MTL_FAST_MATH = YES;
				SDKROOT = iphoneos;
				SWIFT_COMPILATION_MODE = wholemodule;
				VALIDATE_PRODUCT = YES;
			};
			name = Release;
		};
		5A5D38BB2BFD4CED00DDA162 /* Debug */ = {
			isa = XCBuildConfiguration;
			buildSettings = {
				ASSETCATALOG_COMPILER_APPICON_NAME = AppIcon;
				ASSETCATALOG_COMPILER_GLOBAL_ACCENT_COLOR_NAME = AccentColor;
				CODE_SIGN_STYLE = Automatic;
				CURRENT_PROJECT_VERSION = 1;
				DEVELOPMENT_ASSET_PATHS = "\"Calculadora Estrelada/Preview Content\"";
				DEVELOPMENT_TEAM = 4N5868RZNV;
				ENABLE_PREVIEWS = YES;
				GENERATE_INFOPLIST_FILE = YES;
				INFOPLIST_FILE = "Calculadora-Estrelada-Info.plist";
				INFOPLIST_KEY_UIApplicationSceneManifest_Generation = YES;
				INFOPLIST_KEY_UIApplicationSupportsIndirectInputEvents = YES;
				INFOPLIST_KEY_UILaunchScreen_Generation = YES;
				INFOPLIST_KEY_UISupportedInterfaceOrientations_iPad = "UIInterfaceOrientationPortrait UIInterfaceOrientationPortraitUpsideDown UIInterfaceOrientationLandscapeLeft UIInterfaceOrientationLandscapeRight";
				INFOPLIST_KEY_UISupportedInterfaceOrientations_iPhone = "UIInterfaceOrientationPortrait UIInterfaceOrientationLandscapeLeft UIInterfaceOrientationLandscapeRight";
				LD_RUNPATH_SEARCH_PATHS = (
					"$(inherited)",
					"@executable_path/Frameworks",
				);
				MARKETING_VERSION = 1.0;
				PRODUCT_BUNDLE_IDENTIFIER = "br.ufpe.cin.ldmc.Calculadora-Estrelada";
				PRODUCT_NAME = "$(TARGET_NAME)";
				SWIFT_EMIT_LOC_STRINGS = YES;
				SWIFT_VERSION = 5.0;
				TARGETED_DEVICE_FAMILY = "1,2";
			};
			name = Debug;
		};
		5A5D38BC2BFD4CED00DDA162 /* Release */ = {
			isa = XCBuildConfiguration;
			buildSettings = {
				ASSETCATALOG_COMPILER_APPICON_NAME = AppIcon;
				ASSETCATALOG_COMPILER_GLOBAL_ACCENT_COLOR_NAME = AccentColor;
				CODE_SIGN_STYLE = Automatic;
				CURRENT_PROJECT_VERSION = 1;
				DEVELOPMENT_ASSET_PATHS = "\"Calculadora Estrelada/Preview Content\"";
				DEVELOPMENT_TEAM = 4N5868RZNV;
				ENABLE_PREVIEWS = YES;
				GENERATE_INFOPLIST_FILE = YES;
				INFOPLIST_FILE = "Calculadora-Estrelada-Info.plist";
				INFOPLIST_KEY_UIApplicationSceneManifest_Generation = YES;
				INFOPLIST_KEY_UIApplicationSupportsIndirectInputEvents = YES;
				INFOPLIST_KEY_UILaunchScreen_Generation = YES;
				INFOPLIST_KEY_UISupportedInterfaceOrientations_iPad = "UIInterfaceOrientationPortrait UIInterfaceOrientationPortraitUpsideDown UIInterfaceOrientationLandscapeLeft UIInterfaceOrientationLandscapeRight";
				INFOPLIST_KEY_UISupportedInterfaceOrientations_iPhone = "UIInterfaceOrientationPortrait UIInterfaceOrientationLandscapeLeft UIInterfaceOrientationLandscapeRight";
				LD_RUNPATH_SEARCH_PATHS = (
					"$(inherited)",
					"@executable_path/Frameworks",
				);
				MARKETING_VERSION = 1.0;
				PRODUCT_BUNDLE_IDENTIFIER = "br.ufpe.cin.ldmc.Calculadora-Estrelada";
				PRODUCT_NAME = "$(TARGET_NAME)";
				SWIFT_EMIT_LOC_STRINGS = YES;
				SWIFT_VERSION = 5.0;
				TARGETED_DEVICE_FAMILY = "1,2";
			};
			name = Release;
		};
/* End XCBuildConfiguration section */

/* Begin XCConfigurationList section */
		5A5D38A72BFD4CEC00DDA162 /* Build configuration list for PBXProject "Calculadora Estrelada" */ = {
			isa = XCConfigurationList;
			buildConfigurations = (
				5A5D38B82BFD4CED00DDA162 /* Debug */,
				5A5D38B92BFD4CED00DDA162 /* Release */,
			);
			defaultConfigurationIsVisible = 0;
			defaultConfigurationName = Release;
		};
		5A5D38BA2BFD4CED00DDA162 /* Build configuration list for PBXNativeTarget "Calculadora Estrelada" */ = {
			isa = XCConfigurationList;
			buildConfigurations = (
				5A5D38BB2BFD4CED00DDA162 /* Debug */,
				5A5D38BC2BFD4CED00DDA162 /* Release */,
			);
			defaultConfigurationIsVisible = 0;
			defaultConfigurationName = Release;
		};
/* End XCConfigurationList section */
	};
	rootObject = 5A5D38A42BFD4CEC00DDA162 /* Project object */;
}
